
Microsoft Visual Studio Solution File, Format Version 12.00
# Visual Studio 15
VisualStudioVersion = 15.0.27428.2027
MinimumVisualStudioVersion = 10.0.40219.1
Project("{F14B399A-7131-4C87-9E4B-1186C45EF12D}") = "NRCCUA_SSRS", "NRCCUA_SSRS\NRCCUA_SSRS.rptproj", "{FE619CD3-2197-4AF6-A64A-8999441DF8A5}"
EndProject
Global
	GlobalSection(SolutionConfigurationPlatforms) = preSolution
		Debug|Default = Debug|Default
		DebugLocal|Default = DebugLocal|Default
		Release|Default = Release|Default
	EndGlobalSection
	GlobalSection(ProjectConfigurationPlatforms) = postSolution
		{FE619CD3-2197-4AF6-A64A-8999441DF8A5}.Debug|Default.ActiveCfg = Debug
		{FE619CD3-2197-4AF6-A64A-8999441DF8A5}.Debug|Default.Build.0 = Debug
		{FE619CD3-2197-4AF6-A64A-8999441DF8A5}.Debug|Default.Deploy.0 = Debug
		{FE619CD3-2197-4AF6-A64A-8999441DF8A5}.DebugLocal|Default.ActiveCfg = DebugLocal
		{FE619CD3-2197-4AF6-A64A-8999441DF8A5}.DebugLocal|Default.Build.0 = DebugLocal
		{FE619CD3-2197-4AF6-A64A-8999441DF8A5}.Release|Default.ActiveCfg = Release
		{FE619CD3-2197-4AF6-A64A-8999441DF8A5}.Release|Default.Build.0 = Release
		{FE619CD3-2197-4AF6-A64A-8999441DF8A5}.Release|Default.Deploy.0 = Release
	EndGlobalSection
	GlobalSection(SolutionProperties) = preSolution
		HideSolutionNode = FALSE
	EndGlobalSection
	GlobalSection(ExtensibilityGlobals) = postSolution
		SolutionGuid = {D1F5E710-37C5-4118-8F82-F0CE4BFBAD6F}
	EndGlobalSection
EndGlobal
